
Microsoft Visual Studio Solution File, Format Version 12.00
# Visual Studio Version 16
VisualStudioVersion = 16.0.30907.101
MinimumVisualStudioVersion = 10.0.40219.1
Project("{FAE04EC0-301F-11D3-BF4B-00C04F79EFBC}") = "ComercioDigital", "ComercioDigital\ComercioDigital.csproj", "{0200B3A7-74AC-4104-94CF-9F1F4C99C394}"
EndProject
Global
	GlobalSection(SolutionConfigurationPlatforms) = preSolution
		Debug|Any CPU = Debug|Any CPU
		Release|Any CPU = Release|Any CPU
	EndGlobalSection
	GlobalSection(ProjectConfigurationPlatforms) = postSolution
		{0200B3A7-74AC-4104-94CF-9F1F4C99C394}.Debug|Any CPU.ActiveCfg = Debug|Any CPU
		{0200B3A7-74AC-4104-94CF-9F1F4C99C394}.Debug|Any CPU.Build.0 = Debug|Any CPU
		{0200B3A7-74AC-4104-94CF-9F1F4C99C394}.Release|Any CPU.ActiveCfg = Release|Any CPU
		{0200B3A7-74AC-4104-94CF-9F1F4C99C394}.Release|Any CPU.Build.0 = Release|Any CPU
	EndGlobalSection
	GlobalSection(SolutionProperties) = preSolution
		HideSolutionNode = FALSE
	EndGlobalSection
	GlobalSection(ExtensibilityGlobals) = postSolution
		SolutionGuid = {47A7628D-6D1F-4DA7-8ECD-60E3CBDC9280}
	EndGlobalSection
EndGlobal
